
Microsoft Visual Studio Solution File, Format Version 12.00
# Visual Studio Version 16
VisualStudioVersion = 16.0.30621.155
MinimumVisualStudioVersion = 10.0.40219.1
Project("{FAE04EC0-301F-11D3-BF4B-00C04F79EFBC}") = "WebAPI", "WebAPI\WebAPI.csproj", "{D4DFBD16-8AA3-4474-B431-99FCC0A42E4A}"
EndProject
Project("{FAE04EC0-301F-11D3-BF4B-00C04F79EFBC}") = "WorkerService", "WorkerService\WorkerService.csproj", "{4175740C-245E-45A0-9EDB-11432EA358DB}"
EndProject
Global
	GlobalSection(SolutionConfigurationPlatforms) = preSolution
		Debug|Any CPU = Debug|Any CPU
		Release|Any CPU = Release|Any CPU
	EndGlobalSection
	GlobalSection(ProjectConfigurationPlatforms) = postSolution
		{D4DFBD16-8AA3-4474-B431-99FCC0A42E4A}.Debug|Any CPU.ActiveCfg = Debug|Any CPU
		{D4DFBD16-8AA3-4474-B431-99FCC0A42E4A}.Debug|Any CPU.Build.0 = Debug|Any CPU
		{D4DFBD16-8AA3-4474-B431-99FCC0A42E4A}.Release|Any CPU.ActiveCfg = Release|Any CPU
		{D4DFBD16-8AA3-4474-B431-99FCC0A42E4A}.Release|Any CPU.Build.0 = Release|Any CPU
		{4175740C-245E-45A0-9EDB-11432EA358DB}.Debug|Any CPU.ActiveCfg = Debug|Any CPU
		{4175740C-245E-45A0-9EDB-11432EA358DB}.Debug|Any CPU.Build.0 = Debug|Any CPU
		{4175740C-245E-45A0-9EDB-11432EA358DB}.Release|Any CPU.ActiveCfg = Release|Any CPU
		{4175740C-245E-45A0-9EDB-11432EA358DB}.Release|Any CPU.Build.0 = Release|Any CPU
	EndGlobalSection
	GlobalSection(SolutionProperties) = preSolution
		HideSolutionNode = FALSE
	EndGlobalSection
	GlobalSection(ExtensibilityGlobals) = postSolution
		SolutionGuid = {77881828-7AF3-49FE-9BF2-610DCF81F892}
	EndGlobalSection
EndGlobal
